// !$*UTF8*$!
{
	archiveVersion = 1;
	classes = {
	};
	objectVersion = 50;
	objects = {

/* Begin PBXBuildFile section */
		38AE26BD3F8770B622613BF6 /* Pods_foresite.framework in Frameworks */ = {isa = PBXBuildFile; fileRef = F4CB3F5BB5A5BDDE9C600FBF /* Pods_foresite.framework */; };
		4B5CB18021438603006F676A /* AppDelegate.swift in Sources */ = {isa = PBXBuildFile; fileRef = 4B5CB17F21438603006F676A /* AppDelegate.swift */; };
		4B5CB18221438603006F676A /* MapViewController.swift in Sources */ = {isa = PBXBuildFile; fileRef = 4B5CB18121438603006F676A /* MapViewController.swift */; };
		4B5CB18521438603006F676A /* Main.storyboard in Resources */ = {isa = PBXBuildFile; fileRef = 4B5CB18321438603006F676A /* Main.storyboard */; };
		4B5CB18721438604006F676A /* Assets.xcassets in Resources */ = {isa = PBXBuildFile; fileRef = 4B5CB18621438604006F676A /* Assets.xcassets */; };
		4B5CB1962143AE46006F676A /* ReportViewController.swift in Sources */ = {isa = PBXBuildFile; fileRef = 4B5CB1952143AE46006F676A /* ReportViewController.swift */; };
		C7A2012E21438BE800D8D8AC /* GoogleService-Info.plist in Resources */ = {isa = PBXBuildFile; fileRef = C7A2012D21438BE800D8D8AC /* GoogleService-Info.plist */; };
		C7A201302143915800D8D8AC /* PrivateConstants.swift in Sources */ = {isa = PBXBuildFile; fileRef = C7A2012F2143915700D8D8AC /* PrivateConstants.swift */; };
		C7A201322143925700D8D8AC /* MapViewController_David.swift in Sources */ = {isa = PBXBuildFile; fileRef = C7A201312143925700D8D8AC /* MapViewController_David.swift */; };
		C7A201342143928700D8D8AC /* MapViewController_Brian.swift in Sources */ = {isa = PBXBuildFile; fileRef = C7A201332143928700D8D8AC /* MapViewController_Brian.swift */; };
		C7A201362143953700D8D8AC /* LaunchScreen.storyboard in Resources */ = {isa = PBXBuildFile; fileRef = C7A201352143953700D8D8AC /* LaunchScreen.storyboard */; };
		C7A201382143AC1400D8D8AC /* Report.swift in Sources */ = {isa = PBXBuildFile; fileRef = C7A201372143AC1400D8D8AC /* Report.swift */; };
/* End PBXBuildFile section */

/* Begin PBXFileReference section */
		2B534DE103FCF6AFC39E214A /* Pods-foresite.release.xcconfig */ = {isa = PBXFileReference; includeInIndex = 1; lastKnownFileType = text.xcconfig; name = "Pods-foresite.release.xcconfig"; path = "Pods/Target Support Files/Pods-foresite/Pods-foresite.release.xcconfig"; sourceTree = "<group>"; };
		4B5CB17C21438603006F676A /* foresite.app */ = {isa = PBXFileReference; explicitFileType = wrapper.application; includeInIndex = 0; path = foresite.app; sourceTree = BUILT_PRODUCTS_DIR; };
		4B5CB17F21438603006F676A /* AppDelegate.swift */ = {isa = PBXFileReference; lastKnownFileType = sourcecode.swift; path = AppDelegate.swift; sourceTree = "<group>"; };
		4B5CB18121438603006F676A /* MapViewController.swift */ = {isa = PBXFileReference; lastKnownFileType = sourcecode.swift; path = MapViewController.swift; sourceTree = "<group>"; };
		4B5CB18421438603006F676A /* Base */ = {isa = PBXFileReference; lastKnownFileType = file.storyboard; name = Base; path = Base.lproj/Main.storyboard; sourceTree = "<group>"; };
		4B5CB18621438604006F676A /* Assets.xcassets */ = {isa = PBXFileReference; lastKnownFileType = folder.assetcatalog; path = Assets.xcassets; sourceTree = "<group>"; };
		4B5CB18B21438604006F676A /* Info.plist */ = {isa = PBXFileReference; lastKnownFileType = text.plist.xml; path = Info.plist; sourceTree = "<group>"; };
		4B5CB1952143AE46006F676A /* ReportViewController.swift */ = {isa = PBXFileReference; fileEncoding = 4; lastKnownFileType = sourcecode.swift; path = ReportViewController.swift; sourceTree = "<group>"; };
		634F43F9600EEC8247DD4411 /* Pods-foresite.debug.xcconfig */ = {isa = PBXFileReference; includeInIndex = 1; lastKnownFileType = text.xcconfig; name = "Pods-foresite.debug.xcconfig"; path = "Pods/Target Support Files/Pods-foresite/Pods-foresite.debug.xcconfig"; sourceTree = "<group>"; };
		C7A2012D21438BE800D8D8AC /* GoogleService-Info.plist */ = {isa = PBXFileReference; fileEncoding = 4; lastKnownFileType = text.plist.xml; path = "GoogleService-Info.plist"; sourceTree = "<group>"; };
		C7A2012F2143915700D8D8AC /* PrivateConstants.swift */ = {isa = PBXFileReference; lastKnownFileType = sourcecode.swift; path = PrivateConstants.swift; sourceTree = "<group>"; };
		C7A201312143925700D8D8AC /* MapViewController_David.swift */ = {isa = PBXFileReference; lastKnownFileType = sourcecode.swift; path = MapViewController_David.swift; sourceTree = "<group>"; };
		C7A201332143928700D8D8AC /* MapViewController_Brian.swift */ = {isa = PBXFileReference; lastKnownFileType = sourcecode.swift; path = MapViewController_Brian.swift; sourceTree = "<group>"; };
		C7A201352143953700D8D8AC /* LaunchScreen.storyboard */ = {isa = PBXFileReference; lastKnownFileType = file.storyboard; path = LaunchScreen.storyboard; sourceTree = "<group>"; };
		C7A201372143AC1400D8D8AC /* Report.swift */ = {isa = PBXFileReference; lastKnownFileType = sourcecode.swift; path = Report.swift; sourceTree = "<group>"; };
		F4CB3F5BB5A5BDDE9C600FBF /* Pods_foresite.framework */ = {isa = PBXFileReference; explicitFileType = wrapper.framework; includeInIndex = 0; path = Pods_foresite.framework; sourceTree = BUILT_PRODUCTS_DIR; };
/* End PBXFileReference section */

/* Begin PBXFrameworksBuildPhase section */
		4B5CB17921438603006F676A /* Frameworks */ = {
			isa = PBXFrameworksBuildPhase;
			buildActionMask = 2147483647;
			files = (
				38AE26BD3F8770B622613BF6 /* Pods_foresite.framework in Frameworks */,
			);
			runOnlyForDeploymentPostprocessing = 0;
		};
/* End PBXFrameworksBuildPhase section */

/* Begin PBXGroup section */
		0B27B6E996CDCCC5FD717061 /* Frameworks */ = {
			isa = PBXGroup;
			children = (
				F4CB3F5BB5A5BDDE9C600FBF /* Pods_foresite.framework */,
			);
			name = Frameworks;
			sourceTree = "<group>";
		};
		1B41C728572D358B1C9D4BEB /* Pods */ = {
			isa = PBXGroup;
			children = (
				634F43F9600EEC8247DD4411 /* Pods-foresite.debug.xcconfig */,
				2B534DE103FCF6AFC39E214A /* Pods-foresite.release.xcconfig */,
			);
			name = Pods;
			sourceTree = "<group>";
		};
		4B5CB17321438603006F676A = {
			isa = PBXGroup;
			children = (
				4B5CB17E21438603006F676A /* foresite */,
				4B5CB17D21438603006F676A /* Products */,
				1B41C728572D358B1C9D4BEB /* Pods */,
				0B27B6E996CDCCC5FD717061 /* Frameworks */,
			);
			sourceTree = "<group>";
		};
		4B5CB17D21438603006F676A /* Products */ = {
			isa = PBXGroup;
			children = (
				4B5CB17C21438603006F676A /* foresite.app */,
			);
			name = Products;
			sourceTree = "<group>";
		};
		4B5CB17E21438603006F676A /* foresite */ = {
			isa = PBXGroup;
			children = (
				4B5CB1952143AE46006F676A /* ReportViewController.swift */,
				4B5CB17F21438603006F676A /* AppDelegate.swift */,
				4B5CB18121438603006F676A /* MapViewController.swift */,
				C7A201332143928700D8D8AC /* MapViewController_Brian.swift */,
				C7A201312143925700D8D8AC /* MapViewController_David.swift */,
				C7A201372143AC1400D8D8AC /* Report.swift */,
				C7A2012F2143915700D8D8AC /* PrivateConstants.swift */,
				4B5CB18321438603006F676A /* Main.storyboard */,
				4B5CB18621438604006F676A /* Assets.xcassets */,
				C7A201352143953700D8D8AC /* LaunchScreen.storyboard */,
				4B5CB18B21438604006F676A /* Info.plist */,
				C7A2012D21438BE800D8D8AC /* GoogleService-Info.plist */,
			);
			path = foresite;
			sourceTree = "<group>";
		};
/* End PBXGroup section */

/* Begin PBXNativeTarget section */
		4B5CB17B21438603006F676A /* foresite */ = {
			isa = PBXNativeTarget;
			buildConfigurationList = 4B5CB18E21438604006F676A /* Build configuration list for PBXNativeTarget "foresite" */;
			buildPhases = (
				67DC1C9D995EF85B0FF7ADE6 /* [CP] Check Pods Manifest.lock */,
				4B5CB17821438603006F676A /* Sources */,
				4B5CB17921438603006F676A /* Frameworks */,
				4B5CB17A21438603006F676A /* Resources */,
				7C3910221F518F8073BB0CC6 /* [CP] Copy Pods Resources */,
				0E6CEEC71D2A900003FBA08C /* [CP] Embed Pods Frameworks */,
			);
			buildRules = (
			);
			dependencies = (
			);
			name = foresite;
			productName = foresite;
			productReference = 4B5CB17C21438603006F676A /* foresite.app */;
			productType = "com.apple.product-type.application";
		};
/* End PBXNativeTarget section */

/* Begin PBXProject section */
		4B5CB17421438603006F676A /* Project object */ = {
			isa = PBXProject;
			attributes = {
				LastSwiftUpdateCheck = 0940;
				LastUpgradeCheck = 0940;
				ORGANIZATIONNAME = 2DGB;
				TargetAttributes = {
					4B5CB17B21438603006F676A = {
						CreatedOnToolsVersion = 9.4.1;
					};
				};
			};
			buildConfigurationList = 4B5CB17721438603006F676A /* Build configuration list for PBXProject "foresite" */;
			compatibilityVersion = "Xcode 9.3";
			developmentRegion = en;
			hasScannedForEncodings = 0;
			knownRegions = (
				en,
				Base,
			);
			mainGroup = 4B5CB17321438603006F676A;
			productRefGroup = 4B5CB17D21438603006F676A /* Products */;
			projectDirPath = "";
			projectRoot = "";
			targets = (
				4B5CB17B21438603006F676A /* foresite */,
			);
		};
/* End PBXProject section */

/* Begin PBXResourcesBuildPhase section */
		4B5CB17A21438603006F676A /* Resources */ = {
			isa = PBXResourcesBuildPhase;
			buildActionMask = 2147483647;
			files = (
				C7A2012E21438BE800D8D8AC /* GoogleService-Info.plist in Resources */,
				4B5CB18721438604006F676A /* Assets.xcassets in Resources */,
				C7A201362143953700D8D8AC /* LaunchScreen.storyboard in Resources */,
				4B5CB18521438603006F676A /* Main.storyboard in Resources */,
			);
			runOnlyForDeploymentPostprocessing = 0;
		};
/* End PBXResourcesBuildPhase section */

/* Begin PBXShellScriptBuildPhase section */
		0E6CEEC71D2A900003FBA08C /* [CP] Embed Pods Frameworks */ = {
			isa = PBXShellScriptBuildPhase;
			buildActionMask = 2147483647;
			files = (
			);
			inputPaths = (
				"${SRCROOT}/Pods/Target Support Files/Pods-foresite/Pods-foresite-frameworks.sh",
				"${BUILT_PRODUCTS_DIR}/GoogleUtilities/GoogleUtilities.framework",
				"${BUILT_PRODUCTS_DIR}/leveldb-library/leveldb.framework",
				"${BUILT_PRODUCTS_DIR}/nanopb/nanopb.framework",
			);
			name = "[CP] Embed Pods Frameworks";
			outputPaths = (
				"${TARGET_BUILD_DIR}/${FRAMEWORKS_FOLDER_PATH}/GoogleUtilities.framework",
				"${TARGET_BUILD_DIR}/${FRAMEWORKS_FOLDER_PATH}/leveldb.framework",
				"${TARGET_BUILD_DIR}/${FRAMEWORKS_FOLDER_PATH}/nanopb.framework",
			);
			runOnlyForDeploymentPostprocessing = 0;
			shellPath = /bin/sh;
			shellScript = "\"${SRCROOT}/Pods/Target Support Files/Pods-foresite/Pods-foresite-frameworks.sh\"\n";
			showEnvVarsInLog = 0;
		};
		67DC1C9D995EF85B0FF7ADE6 /* [CP] Check Pods Manifest.lock */ = {
			isa = PBXShellScriptBuildPhase;
			buildActionMask = 2147483647;
			files = (
			);
			inputPaths = (
				"${PODS_PODFILE_DIR_PATH}/Podfile.lock",
				"${PODS_ROOT}/Manifest.lock",
			);
			name = "[CP] Check Pods Manifest.lock";
			outputPaths = (
				"$(DERIVED_FILE_DIR)/Pods-foresite-checkManifestLockResult.txt",
			);
			runOnlyForDeploymentPostprocessing = 0;
			shellPath = /bin/sh;
			shellScript = "diff \"${PODS_PODFILE_DIR_PATH}/Podfile.lock\" \"${PODS_ROOT}/Manifest.lock\" > /dev/null\nif [ $? != 0 ] ; then\n    # print error to STDERR\n    echo \"error: The sandbox is not in sync with the Podfile.lock. Run 'pod install' or update your CocoaPods installation.\" >&2\n    exit 1\nfi\n# This output is used by Xcode 'outputs' to avoid re-running this script phase.\necho \"SUCCESS\" > \"${SCRIPT_OUTPUT_FILE_0}\"\n";
			showEnvVarsInLog = 0;
		};
		7C3910221F518F8073BB0CC6 /* [CP] Copy Pods Resources */ = {
			isa = PBXShellScriptBuildPhase;
			buildActionMask = 2147483647;
			files = (
			);
			inputPaths = (
				"${SRCROOT}/Pods/Target Support Files/Pods-foresite/Pods-foresite-resources.sh",
				"${PODS_ROOT}/GoogleMaps/Maps/Frameworks/GoogleMaps.framework/Resources/GoogleMaps.bundle",
				"${PODS_ROOT}/GooglePlaces/Frameworks/GooglePlaces.framework/Resources/GooglePlaces.bundle",
			);
			name = "[CP] Copy Pods Resources";
			outputPaths = (
				"${TARGET_BUILD_DIR}/${UNLOCALIZED_RESOURCES_FOLDER_PATH}/GoogleMaps.bundle",
				"${TARGET_BUILD_DIR}/${UNLOCALIZED_RESOURCES_FOLDER_PATH}/GooglePlaces.bundle",
			);
			runOnlyForDeploymentPostprocessing = 0;
			shellPath = /bin/sh;
			shellScript = "\"${SRCROOT}/Pods/Target Support Files/Pods-foresite/Pods-foresite-resources.sh\"\n";
			showEnvVarsInLog = 0;
		};
/* End PBXShellScriptBuildPhase section */

/* Begin PBXSourcesBuildPhase section */
		4B5CB17821438603006F676A /* Sources */ = {
			isa = PBXSourcesBuildPhase;
			buildActionMask = 2147483647;
			files = (
				C7A201322143925700D8D8AC /* MapViewController_David.swift in Sources */,
				4B5CB18221438603006F676A /* MapViewController.swift in Sources */,
				4B5CB1962143AE46006F676A /* ReportViewController.swift in Sources */,
				C7A201302143915800D8D8AC /* PrivateConstants.swift in Sources */,
				C7A201342143928700D8D8AC /* MapViewController_Brian.swift in Sources */,
				4B5CB18021438603006F676A /* AppDelegate.swift in Sources */,
				C7A201382143AC1400D8D8AC /* Report.swift in Sources */,
			);
			runOnlyForDeploymentPostprocessing = 0;
		};
/* End PBXSourcesBuildPhase section */

/* Begin PBXVariantGroup section */
		4B5CB18321438603006F676A /* Main.storyboard */ = {
			isa = PBXVariantGroup;
			children = (
				4B5CB18421438603006F676A /* Base */,
			);
			name = Main.storyboard;
			sourceTree = "<group>";
		};
/* End PBXVariantGroup section */

/* Begin XCBuildConfiguration section */
		4B5CB18C21438604006F676A /* Debug */ = {
			isa = XCBuildConfiguration;
			buildSettings = {
				ALWAYS_SEARCH_USER_PATHS = NO;
				CLANG_ANALYZER_NONNULL = YES;
				CLANG_ANALYZER_NUMBER_OBJECT_CONVERSION = YES_AGGRESSIVE;
				CLANG_CXX_LANGUAGE_STANDARD = "gnu++14";
				CLANG_CXX_LIBRARY = "libc++";
				CLANG_ENABLE_MODULES = YES;
				CLANG_ENABLE_OBJC_ARC = YES;
				CLANG_ENABLE_OBJC_WEAK = YES;
				CLANG_WARN_BLOCK_CAPTURE_AUTORELEASING = YES;
				CLANG_WARN_BOOL_CONVERSION = YES;
				CLANG_WARN_COMMA = YES;
				CLANG_WARN_CONSTANT_CONVERSION = YES;
				CLANG_WARN_DEPRECATED_OBJC_IMPLEMENTATIONS = YES;
				CLANG_WARN_DIRECT_OBJC_ISA_USAGE = YES_ERROR;
				CLANG_WARN_DOCUMENTATION_COMMENTS = YES;
				CLANG_WARN_EMPTY_BODY = YES;
				CLANG_WARN_ENUM_CONVERSION = YES;
				CLANG_WARN_INFINITE_RECURSION = YES;
				CLANG_WARN_INT_CONVERSION = YES;
				CLANG_WARN_NON_LITERAL_NULL_CONVERSION = YES;
				CLANG_WARN_OBJC_IMPLICIT_RETAIN_SELF = YES;
				CLANG_WARN_OBJC_LITERAL_CONVERSION = YES;
				CLANG_WARN_OBJC_ROOT_CLASS = YES_ERROR;
				CLANG_WARN_RANGE_LOOP_ANALYSIS = YES;
				CLANG_WARN_STRICT_PROTOTYPES = YES;
				CLANG_WARN_SUSPICIOUS_MOVE = YES;
				CLANG_WARN_UNGUARDED_AVAILABILITY = YES_AGGRESSIVE;
				CLANG_WARN_UNREACHABLE_CODE = YES;
				CLANG_WARN__DUPLICATE_METHOD_MATCH = YES;
				CODE_SIGN_IDENTITY = "iPhone Developer";
				COPY_PHASE_STRIP = NO;
				DEBUG_INFORMATION_FORMAT = dwarf;
				ENABLE_STRICT_OBJC_MSGSEND = YES;
				ENABLE_TESTABILITY = YES;
				GCC_C_LANGUAGE_STANDARD = gnu11;
				GCC_DYNAMIC_NO_PIC = NO;
				GCC_NO_COMMON_BLOCKS = YES;
				GCC_OPTIMIZATION_LEVEL = 0;
				GCC_PREPROCESSOR_DEFINITIONS = (
					"DEBUG=1",
					"$(inherited)",
				);
				GCC_WARN_64_TO_32_BIT_CONVERSION = YES;
				GCC_WARN_ABOUT_RETURN_TYPE = YES_ERROR;
				GCC_WARN_UNDECLARED_SELECTOR = YES;
				GCC_WARN_UNINITIALIZED_AUTOS = YES_AGGRESSIVE;
				GCC_WARN_UNUSED_FUNCTION = YES;
				GCC_WARN_UNUSED_VARIABLE = YES;
				IPHONEOS_DEPLOYMENT_TARGET = 11.4;
				MTL_ENABLE_DEBUG_INFO = YES;
				ONLY_ACTIVE_ARCH = YES;
				SDKROOT = iphoneos;
				SWIFT_ACTIVE_COMPILATION_CONDITIONS = DEBUG;
				SWIFT_OPTIMIZATION_LEVEL = "-Onone";
			};
			name = Debug;
		};
		4B5CB18D21438604006F676A /* Release */ = {
			isa = XCBuildConfiguration;
			buildSettings = {
				ALWAYS_SEARCH_USER_PATHS = NO;
				CLANG_ANALYZER_NONNULL = YES;
				CLANG_ANALYZER_NUMBER_OBJECT_CONVERSION = YES_AGGRESSIVE;
				CLANG_CXX_LANGUAGE_STANDARD = "gnu++14";
				CLANG_CXX_LIBRARY = "libc++";
				CLANG_ENABLE_MODULES = YES;
				CLANG_ENABLE_OBJC_ARC = YES;
				CLANG_ENABLE_OBJC_WEAK = YES;
				CLANG_WARN_BLOCK_CAPTURE_AUTORELEASING = YES;
				CLANG_WARN_BOOL_CONVERSION = YES;
				CLANG_WARN_COMMA = YES;
				CLANG_WARN_CONSTANT_CONVERSION = YES;
				CLANG_WARN_DEPRECATED_OBJC_IMPLEMENTATIONS = YES;
				CLANG_WARN_DIRECT_OBJC_ISA_USAGE = YES_ERROR;
				CLANG_WARN_DOCUMENTATION_COMMENTS = YES;
				CLANG_WARN_EMPTY_BODY = YES;
				CLANG_WARN_ENUM_CONVERSION = YES;
				CLANG_WARN_INFINITE_RECURSION = YES;
				CLANG_WARN_INT_CONVERSION = YES;
				CLANG_WARN_NON_LITERAL_NULL_CONVERSION = YES;
				CLANG_WARN_OBJC_IMPLICIT_RETAIN_SELF = YES;
				CLANG_WARN_OBJC_LITERAL_CONVERSION = YES;
				CLANG_WARN_OBJC_ROOT_CLASS = YES_ERROR;
				CLANG_WARN_RANGE_LOOP_ANALYSIS = YES;
				CLANG_WARN_STRICT_PROTOTYPES = YES;
				CLANG_WARN_SUSPICIOUS_MOVE = YES;
				CLANG_WARN_UNGUARDED_AVAILABILITY = YES_AGGRESSIVE;
				CLANG_WARN_UNREACHABLE_CODE = YES;
				CLANG_WARN__DUPLICATE_METHOD_MATCH = YES;
				CODE_SIGN_IDENTITY = "iPhone Developer";
				COPY_PHASE_STRIP = NO;
				DEBUG_INFORMATION_FORMAT = "dwarf-with-dsym";
				ENABLE_NS_ASSERTIONS = NO;
				ENABLE_STRICT_OBJC_MSGSEND = YES;
				GCC_C_LANGUAGE_STANDARD = gnu11;
				GCC_NO_COMMON_BLOCKS = YES;
				GCC_WARN_64_TO_32_BIT_CONVERSION = YES;
				GCC_WARN_ABOUT_RETURN_TYPE = YES_ERROR;
				GCC_WARN_UNDECLARED_SELECTOR = YES;
				GCC_WARN_UNINITIALIZED_AUTOS = YES_AGGRESSIVE;
				GCC_WARN_UNUSED_FUNCTION = YES;
				GCC_WARN_UNUSED_VARIABLE = YES;
				IPHONEOS_DEPLOYMENT_TARGET = 11.4;
				MTL_ENABLE_DEBUG_INFO = NO;
				SDKROOT = iphoneos;
				SWIFT_COMPILATION_MODE = wholemodule;
				SWIFT_OPTIMIZATION_LEVEL = "-O";
				VALIDATE_PRODUCT = YES;
			};
			name = Release;
		};
		4B5CB18F21438604006F676A /* Debug */ = {
			isa = XCBuildConfiguration;
			baseConfigurationReference = 634F43F9600EEC8247DD4411 /* Pods-foresite.debug.xcconfig */;
			buildSettings = {
				ASSETCATALOG_COMPILER_APPICON_NAME = AppIcon;
				CODE_SIGN_STYLE = Automatic;
				DEVELOPMENT_TEAM = Q2PZEH4H6R;
				INFOPLIST_FILE = foresite/Info.plist;
				IPHONEOS_DEPLOYMENT_TARGET = 11.3;
				LD_RUNPATH_SEARCH_PATHS = (
					"$(inherited)",
					"@executable_path/Frameworks",
				);
				PRODUCT_BUNDLE_IDENTIFIER = com.2DGB.foresite;
				PRODUCT_NAME = "$(TARGET_NAME)";
				SWIFT_VERSION = 4.0;
				TARGETED_DEVICE_FAMILY = "1,2";
			};
			name = Debug;
		};
		4B5CB19021438604006F676A /* Release */ = {
			isa = XCBuildConfiguration;
			baseConfigurationReference = 2B534DE103FCF6AFC39E214A /* Pods-foresite.release.xcconfig */;
			buildSettings = {
				ASSETCATALOG_COMPILER_APPICON_NAME = AppIcon;
				CODE_SIGN_STYLE = Automatic;
				DEVELOPMENT_TEAM = Q2PZEH4H6R;
				INFOPLIST_FILE = foresite/Info.plist;
				IPHONEOS_DEPLOYMENT_TARGET = 11.3;
				LD_RUNPATH_SEARCH_PATHS = (
					"$(inherited)",
					"@executable_path/Frameworks",
				);
				PRODUCT_BUNDLE_IDENTIFIER = com.2DGB.foresite;
				PRODUCT_NAME = "$(TARGET_NAME)";
				SWIFT_VERSION = 4.0;
				TARGETED_DEVICE_FAMILY = "1,2";
			};
			name = Release;
		};
/* End XCBuildConfiguration section */

/* Begin XCConfigurationList section */
		4B5CB17721438603006F676A /* Build configuration list for PBXProject "foresite" */ = {
			isa = XCConfigurationList;
			buildConfigurations = (
				4B5CB18C21438604006F676A /* Debug */,
				4B5CB18D21438604006F676A /* Release */,
			);
			defaultConfigurationIsVisible = 0;
			defaultConfigurationName = Release;
		};
		4B5CB18E21438604006F676A /* Build configuration list for PBXNativeTarget "foresite" */ = {
			isa = XCConfigurationList;
			buildConfigurations = (
				4B5CB18F21438604006F676A /* Debug */,
				4B5CB19021438604006F676A /* Release */,
			);
			defaultConfigurationIsVisible = 0;
			defaultConfigurationName = Release;
		};
/* End XCConfigurationList section */
	};
	rootObject = 4B5CB17421438603006F676A /* Project object */;
}
